Microsoft Visual Studio Solution File, Format Version 12.00
# 17
VisualStudioVersion = 17.11.35312.102
MinimumVisualStudioVersion = 10.0.40219.1
Project("{9A19103F-16F7-4668-BE54-9A1E7A4F7556}") = "EMS", "EMS.csproj", "{CA3FFFF2-CEE8-42F7-AE87-E3E7B12E4C80}"
EndProject
Project("{9A19103F-16F7-4668-BE54-9A1E7A4F7556}") = "Utils", "..\Utils\Utils.csproj", "{CCD2269E-77E2-485D-9D83-0C2B3F0667DC}"
EndProject
Project("{9A19103F-16F7-4668-BE54-9A1E7A4F7556}") = "EMS_AP", "..\EMS_AP\EMS_AP.csproj", "{30F0F1C5-DDC0-4481-A637-92BF31B9E3F7}"
EndProject
Project("{FAE04EC0-301F-11D3-BF4B-00C04F79EFBC}") = "EMS_Test", "..\Ems_Test\EMS_Test.csproj", "{27FC3DD2-91E6-46A1-AD14-AD544A66EAE1}"
EndProject
Global
	GlobalSection(SolutionConfigurationPlatforms) = preSolution
		Debug|Any CPU = Debug|Any CPU
		Release|Any CPU = Release|Any CPU
	EndGlobalSection
	GlobalSection(ProjectConfigurationPlatforms) = postSolution
		{CA3FFFF2-CEE8-42F7-AE87-E3E7B12E4C80}.Debug|Any CPU.ActiveCfg = Debug|Any CPU
		{CA3FFFF2-CEE8-42F7-AE87-E3E7B12E4C80}.Debug|Any CPU.Build.0 = Debug|Any CPU
		{CA3FFFF2-CEE8-42F7-AE87-E3E7B12E4C80}.Release|Any CPU.ActiveCfg = Release|Any CPU
		{CA3FFFF2-CEE8-42F7-AE87-E3E7B12E4C80}.Release|Any CPU.Build.0 = Release|Any CPU
		{CCD2269E-77E2-485D-9D83-0C2B3F0667DC}.Debug|Any CPU.ActiveCfg = Debug|Any CPU
		{CCD2269E-77E2-485D-9D83-0C2B3F0667DC}.Debug|Any CPU.Build.0 = Debug|Any CPU
		{CCD2269E-77E2-485D-9D83-0C2B3F0667DC}.Release|Any CPU.ActiveCfg = Release|Any CPU
		{CCD2269E-77E2-485D-9D83-0C2B3F0667DC}.Release|Any CPU.Build.0 = Release|Any CPU
		{30F0F1C5-DDC0-4481-A637-92BF31B9E3F7}.Debug|Any CPU.ActiveCfg = Debug|Any CPU
		{30F0F1C5-DDC0-4481-A637-92BF31B9E3F7}.Debug|Any CPU.Build.0 = Debug|Any CPU
		{30F0F1C5-DDC0-4481-A637-92BF31B9E3F7}.Release|Any CPU.ActiveCfg = Release|Any CPU
		{30F0F1C5-DDC0-4481-A637-92BF31B9E3F7}.Release|Any CPU.Build.0 = Release|Any CPU
		{27FC3DD2-91E6-46A1-AD14-AD544A66EAE1}.Debug|Any CPU.ActiveCfg = Debug|Any CPU
		{27FC3DD2-91E6-46A1-AD14-AD544A66EAE1}.Debug|Any CPU.Build.0 = Debug|Any CPU
		{27FC3DD2-91E6-46A1-AD14-AD544A66EAE1}.Release|Any CPU.ActiveCfg = Release|Any CPU
		{27FC3DD2-91E6-46A1-AD14-AD544A66EAE1}.Release|Any CPU.Build.0 = Release|Any CPU
	EndGlobalSection
	GlobalSection(SolutionProperties) = preSolution
		HideSolutionNode = FALSE
	EndGlobalSection
	GlobalSection(ExtensibilityGlobals) = postSolution
		SolutionGuid = {8D38920D-2412-468E-BEBC-D3E48FED0370}
	EndGlobalSection
EndGlobal
